
Microsoft Visual Studio Solution File, Format Version 12.00
# Visual Studio Version 17
VisualStudioVersion = 17.11.35327.3
MinimumVisualStudioVersion = 10.0.40219.1
Project("{FAE04EC0-301F-11D3-BF4B-00C04F79EFBC}") = "Promedioos", "Promedioos\Promedioos.csproj", "{7E9CE9F0-4CCA-4A6F-9567-770942968442}"
EndProject
Global
	GlobalSection(SolutionConfigurationPlatforms) = preSolution
		Debug|Any CPU = Debug|Any CPU
		Release|Any CPU = Release|Any CPU
	EndGlobalSection
	GlobalSection(ProjectConfigurationPlatforms) = postSolution
		{7E9CE9F0-4CCA-4A6F-9567-770942968442}.Debug|Any CPU.ActiveCfg = Debug|Any CPU
		{7E9CE9F0-4CCA-4A6F-9567-770942968442}.Debug|Any CPU.Build.0 = Debug|Any CPU
		{7E9CE9F0-4CCA-4A6F-9567-770942968442}.Release|Any CPU.ActiveCfg = Release|Any CPU
		{7E9CE9F0-4CCA-4A6F-9567-770942968442}.Release|Any CPU.Build.0 = Release|Any CPU
	EndGlobalSection
	GlobalSection(SolutionProperties) = preSolution
		HideSolutionNode = FALSE
	EndGlobalSection
	GlobalSection(ExtensibilityGlobals) = postSolution
		SolutionGuid = {11D3B707-71E0-48DC-920C-3A4E2EE3A6D0}
	EndGlobalSection
EndGlobal
