
Microsoft Visual Studio Solution File, Format Version 12.00
# Visual Studio Version 17
VisualStudioVersion = 17.11.35219.272
MinimumVisualStudioVersion = 10.0.40219.1
Project("{FAE04EC0-301F-11D3-BF4B-00C04F79EFBC}") = "Promedio1", "Promedio1.csproj", "{C2B3E287-593F-46D3-BE9E-885B54604E76}"
EndProject
Global
	GlobalSection(SolutionConfigurationPlatforms) = preSolution
		Debug|Any CPU = Debug|Any CPU
		Release|Any CPU = Release|Any CPU
	EndGlobalSection
	GlobalSection(ProjectConfigurationPlatforms) = postSolution
		{C2B3E287-593F-46D3-BE9E-885B54604E76}.Debug|Any CPU.ActiveCfg = Debug|Any CPU
		{C2B3E287-593F-46D3-BE9E-885B54604E76}.Debug|Any CPU.Build.0 = Debug|Any CPU
		{C2B3E287-593F-46D3-BE9E-885B54604E76}.Release|Any CPU.ActiveCfg = Release|Any CPU
		{C2B3E287-593F-46D3-BE9E-885B54604E76}.Release|Any CPU.Build.0 = Release|Any CPU
	EndGlobalSection
	GlobalSection(SolutionProperties) = preSolution
		HideSolutionNode = FALSE
	EndGlobalSection
	GlobalSection(ExtensibilityGlobals) = postSolution
		SolutionGuid = {9783EF1F-48C4-47BF-98A7-ED42E819ABF8}
	EndGlobalSection
EndGlobal
